
Microsoft Visual Studio Solution File, Format Version 12.00
# Visual Studio Version 16
VisualStudioVersion = 16.0.30523.141
MinimumVisualStudioVersion = 10.0.40219.1
Project("{8BC9CEB8-8B4A-11D0-8D11-00A0C91BC942}") = "cuda_basics02", "cuda_basics02\cuda_basics02.vcxproj", "{566AA53D-C578-4DD6-9F50-9552B6E0EC8C}"
EndProject
Global
	GlobalSection(SolutionConfigurationPlatforms) = preSolution
		Debug|x64 = Debug|x64
		Release|x64 = Release|x64
	EndGlobalSection
	GlobalSection(ProjectConfigurationPlatforms) = postSolution
		{566AA53D-C578-4DD6-9F50-9552B6E0EC8C}.Debug|x64.ActiveCfg = Debug|x64
		{566AA53D-C578-4DD6-9F50-9552B6E0EC8C}.Debug|x64.Build.0 = Debug|x64
		{566AA53D-C578-4DD6-9F50-9552B6E0EC8C}.Release|x64.ActiveCfg = Release|x64
		{566AA53D-C578-4DD6-9F50-9552B6E0EC8C}.Release|x64.Build.0 = Release|x64
	EndGlobalSection
	GlobalSection(SolutionProperties) = preSolution
		HideSolutionNode = FALSE
	EndGlobalSection
	GlobalSection(ExtensibilityGlobals) = postSolution
		SolutionGuid = {7B0AB666-7BD9-423C-B54E-756FDE6C0559}
	EndGlobalSection
EndGlobal
